
Microsoft Visual Studio Solution File, Format Version 12.00
# Visual Studio Version 16
VisualStudioVersion = 16.0.30907.101
MinimumVisualStudioVersion = 10.0.40219.1
Project("{FAE04EC0-301F-11D3-BF4B-00C04F79EFBC}") = "LogRecovery", "LogRecovery\LogRecovery.csproj", "{AC4A9417-B2D4-42DC-ACD6-E8C38A0DFAEB}"
EndProject
Project("{2150E333-8FDC-42A3-9474-1A3956D46DE8}") = "1-Web", "1-Web", "{8ED317BA-7109-4FFB-9247-AC0F93B2FE75}"
EndProject
Project("{2150E333-8FDC-42A3-9474-1A3956D46DE8}") = "2-Application", "2-Application", "{F6109307-6EAB-4373-9986-B8A0ECC5AC6A}"
EndProject
Project("{2150E333-8FDC-42A3-9474-1A3956D46DE8}") = "3-Domain", "3-Domain", "{F736C93C-D1B5-4B40-9B80-A6047307BEE7}"
EndProject
Project("{2150E333-8FDC-42A3-9474-1A3956D46DE8}") = "4-Infrastruture", "4-Infrastruture", "{FF5CC451-4762-4D5F-B803-17443D3408E6}"
EndProject
Project("{FAE04EC0-301F-11D3-BF4B-00C04F79EFBC}") = "LogRecovery.Application", "LogRecovery.Application\LogRecovery.Application.csproj", "{52843F3C-5014-42C0-BD8B-E542CB321CCD}"
EndProject
Project("{FAE04EC0-301F-11D3-BF4B-00C04F79EFBC}") = "LogRecovery.Domain", "LogRecovery.Domain\LogRecovery.Domain.csproj", "{1DB77437-370C-418D-86FE-2DB649B2BD94}"
EndProject
Project("{2150E333-8FDC-42A3-9474-1A3956D46DE8}") = "4.1-Data", "4.1-Data", "{33EB83FF-C414-4D1C-809D-E948E8FE0EB5}"
EndProject
Project("{2150E333-8FDC-42A3-9474-1A3956D46DE8}") = "4.2-CrossCutting", "4.2-CrossCutting", "{773F032B-E37A-4EE9-843E-9C1BEB61322E}"
EndProject
Project("{FAE04EC0-301F-11D3-BF4B-00C04F79EFBC}") = "LogRecovery.Infrastruture.Data", "LogRecovery.Infrastruture.Data\LogRecovery.Infrastruture.Data.csproj", "{B6557B5D-A5F2-447B-91E7-39F289896304}"
EndProject
Project("{FAE04EC0-301F-11D3-BF4B-00C04F79EFBC}") = "LogRecovery.Infrastruture.Ioc", "LogRecovery.Infrastruture.Ioc\LogRecovery.Infrastruture.Ioc.csproj", "{37527355-C2CF-4B64-A80F-DBBDD46CE354}"
EndProject
Global
	GlobalSection(SolutionConfigurationPlatforms) = preSolution
		Debug|Any CPU = Debug|Any CPU
		Release|Any CPU = Release|Any CPU
	EndGlobalSection
	GlobalSection(ProjectConfigurationPlatforms) = postSolution
		{AC4A9417-B2D4-42DC-ACD6-E8C38A0DFAEB}.Debug|Any CPU.ActiveCfg = Debug|Any CPU
		{AC4A9417-B2D4-42DC-ACD6-E8C38A0DFAEB}.Debug|Any CPU.Build.0 = Debug|Any CPU
		{AC4A9417-B2D4-42DC-ACD6-E8C38A0DFAEB}.Release|Any CPU.ActiveCfg = Release|Any CPU
		{AC4A9417-B2D4-42DC-ACD6-E8C38A0DFAEB}.Release|Any CPU.Build.0 = Release|Any CPU
		{52843F3C-5014-42C0-BD8B-E542CB321CCD}.Debug|Any CPU.ActiveCfg = Debug|Any CPU
		{52843F3C-5014-42C0-BD8B-E542CB321CCD}.Debug|Any CPU.Build.0 = Debug|Any CPU
		{52843F3C-5014-42C0-BD8B-E542CB321CCD}.Release|Any CPU.ActiveCfg = Release|Any CPU
		{52843F3C-5014-42C0-BD8B-E542CB321CCD}.Release|Any CPU.Build.0 = Release|Any CPU
		{1DB77437-370C-418D-86FE-2DB649B2BD94}.Debug|Any CPU.ActiveCfg = Debug|Any CPU
		{1DB77437-370C-418D-86FE-2DB649B2BD94}.Debug|Any CPU.Build.0 = Debug|Any CPU
		{1DB77437-370C-418D-86FE-2DB649B2BD94}.Release|Any CPU.ActiveCfg = Release|Any CPU
		{1DB77437-370C-418D-86FE-2DB649B2BD94}.Release|Any CPU.Build.0 = Release|Any CPU
		{B6557B5D-A5F2-447B-91E7-39F289896304}.Debug|Any CPU.ActiveCfg = Debug|Any CPU
		{B6557B5D-A5F2-447B-91E7-39F289896304}.Debug|Any CPU.Build.0 = Debug|Any CPU
		{B6557B5D-A5F2-447B-91E7-39F289896304}.Release|Any CPU.ActiveCfg = Release|Any CPU
		{B6557B5D-A5F2-447B-91E7-39F289896304}.Release|Any CPU.Build.0 = Release|Any CPU
		{37527355-C2CF-4B64-A80F-DBBDD46CE354}.Debug|Any CPU.ActiveCfg = Debug|Any CPU
		{37527355-C2CF-4B64-A80F-DBBDD46CE354}.Debug|Any CPU.Build.0 = Debug|Any CPU
		{37527355-C2CF-4B64-A80F-DBBDD46CE354}.Release|Any CPU.ActiveCfg = Release|Any CPU
		{37527355-C2CF-4B64-A80F-DBBDD46CE354}.Release|Any CPU.Build.0 = Release|Any CPU
	EndGlobalSection
	GlobalSection(SolutionProperties) = preSolution
		HideSolutionNode = FALSE
	EndGlobalSection
	GlobalSection(NestedProjects) = preSolution
		{AC4A9417-B2D4-42DC-ACD6-E8C38A0DFAEB} = {8ED317BA-7109-4FFB-9247-AC0F93B2FE75}
		{52843F3C-5014-42C0-BD8B-E542CB321CCD} = {F6109307-6EAB-4373-9986-B8A0ECC5AC6A}
		{1DB77437-370C-418D-86FE-2DB649B2BD94} = {F736C93C-D1B5-4B40-9B80-A6047307BEE7}
		{33EB83FF-C414-4D1C-809D-E948E8FE0EB5} = {FF5CC451-4762-4D5F-B803-17443D3408E6}
		{773F032B-E37A-4EE9-843E-9C1BEB61322E} = {FF5CC451-4762-4D5F-B803-17443D3408E6}
		{B6557B5D-A5F2-447B-91E7-39F289896304} = {33EB83FF-C414-4D1C-809D-E948E8FE0EB5}
		{37527355-C2CF-4B64-A80F-DBBDD46CE354} = {773F032B-E37A-4EE9-843E-9C1BEB61322E}
	EndGlobalSection
	GlobalSection(ExtensibilityGlobals) = postSolution
		SolutionGuid = {79AF3B02-30B4-4169-8F88-16689BA6C099}
	EndGlobalSection
EndGlobal
